
Microsoft Visual Studio Solution File, Format Version 12.00
# Visual Studio Version 17
VisualStudioVersion = 17.8.34112.27
MinimumVisualStudioVersion = 10.0.40219.1
Project("{9A19103F-16F7-4668-BE54-9A1E7A4F7556}") = "IconBuilderAI.Domain", "IconBuilderAI.Domain\IconBuilderAI.Domain.csproj", "{68829182-7FA6-4DAB-AE91-25A1583371D7}"
EndProject
Project("{FAE04EC0-301F-11D3-BF4B-00C04F79EFBC}") = "IconBuilderAI.Application", "IconBuilderAI.Application\IconBuilderAI.Application.csproj", "{A8D25BC5-7016-4A92-9281-D503630A625A}"
EndProject
Project("{FAE04EC0-301F-11D3-BF4B-00C04F79EFBC}") = "IconBuilderAI.Infrastructure", "IconBuilderAI.Infrastructure\IconBuilderAI.Infrastructure.csproj", "{DB71F6DA-DFFC-42C2-A3DB-7DFAF29F5A8F}"
EndProject
Project("{FAE04EC0-301F-11D3-BF4B-00C04F79EFBC}") = "IconBuilderAI.WebApi", "IconBuilderAI.WebApi\IconBuilderAI.WebApi.csproj", "{B9F63A3E-8185-4AB8-8EEB-42011329C96D}"
EndProject
Global
	GlobalSection(SolutionConfigurationPlatforms) = preSolution
		Debug|Any CPU = Debug|Any CPU
		Release|Any CPU = Release|Any CPU
	EndGlobalSection
	GlobalSection(ProjectConfigurationPlatforms) = postSolution
		{68829182-7FA6-4DAB-AE91-25A1583371D7}.Debug|Any CPU.ActiveCfg = Debug|Any CPU
		{68829182-7FA6-4DAB-AE91-25A1583371D7}.Debug|Any CPU.Build.0 = Debug|Any CPU
		{68829182-7FA6-4DAB-AE91-25A1583371D7}.Release|Any CPU.ActiveCfg = Release|Any CPU
		{68829182-7FA6-4DAB-AE91-25A1583371D7}.Release|Any CPU.Build.0 = Release|Any CPU
		{A8D25BC5-7016-4A92-9281-D503630A625A}.Debug|Any CPU.ActiveCfg = Debug|Any CPU
		{A8D25BC5-7016-4A92-9281-D503630A625A}.Debug|Any CPU.Build.0 = Debug|Any CPU
		{A8D25BC5-7016-4A92-9281-D503630A625A}.Release|Any CPU.ActiveCfg = Release|Any CPU
		{A8D25BC5-7016-4A92-9281-D503630A625A}.Release|Any CPU.Build.0 = Release|Any CPU
		{DB71F6DA-DFFC-42C2-A3DB-7DFAF29F5A8F}.Debug|Any CPU.ActiveCfg = Debug|Any CPU
		{DB71F6DA-DFFC-42C2-A3DB-7DFAF29F5A8F}.Debug|Any CPU.Build.0 = Debug|Any CPU
		{DB71F6DA-DFFC-42C2-A3DB-7DFAF29F5A8F}.Release|Any CPU.ActiveCfg = Release|Any CPU
		{DB71F6DA-DFFC-42C2-A3DB-7DFAF29F5A8F}.Release|Any CPU.Build.0 = Release|Any CPU
		{B9F63A3E-8185-4AB8-8EEB-42011329C96D}.Debug|Any CPU.ActiveCfg = Debug|Any CPU
		{B9F63A3E-8185-4AB8-8EEB-42011329C96D}.Debug|Any CPU.Build.0 = Debug|Any CPU
		{B9F63A3E-8185-4AB8-8EEB-42011329C96D}.Release|Any CPU.ActiveCfg = Release|Any CPU
		{B9F63A3E-8185-4AB8-8EEB-42011329C96D}.Release|Any CPU.Build.0 = Release|Any CPU
	EndGlobalSection
	GlobalSection(SolutionProperties) = preSolution
		HideSolutionNode = FALSE
	EndGlobalSection
	GlobalSection(ExtensibilityGlobals) = postSolution
		SolutionGuid = {C4A3B230-5ADE-469D-BC6D-D7372CAC56E9}
	EndGlobalSection
EndGlobal
